
Microsoft Visual Studio Solution File, Format Version 12.00
# Visual Studio Version 16
VisualStudioVersion = 16.0.32510.428
MinimumVisualStudioVersion = 10.0.40219.1
Project("{FAE04EC0-301F-11D3-BF4B-00C04F79EFBC}") = "CLAVI_model_desktop", "CLAVI_model_desktop\CLAVI_model_desktop.csproj", "{06429810-E877-4275-8683-51833677391D}"
EndProject
Global
	GlobalSection(SolutionConfigurationPlatforms) = preSolution
		Debug|Any CPU = Debug|Any CPU
		Debug|x64 = Debug|x64
		Release|Any CPU = Release|Any CPU
		Release|x64 = Release|x64
	EndGlobalSection
	GlobalSection(ProjectConfigurationPlatforms) = postSolution
		{06429810-E877-4275-8683-51833677391D}.Debug|Any CPU.ActiveCfg = Debug|Any CPU
		{06429810-E877-4275-8683-51833677391D}.Debug|Any CPU.Build.0 = Debug|Any CPU
		{06429810-E877-4275-8683-51833677391D}.Debug|x64.ActiveCfg = Debug|x64
		{06429810-E877-4275-8683-51833677391D}.Debug|x64.Build.0 = Debug|x64
		{06429810-E877-4275-8683-51833677391D}.Release|Any CPU.ActiveCfg = Release|Any CPU
		{06429810-E877-4275-8683-51833677391D}.Release|Any CPU.Build.0 = Release|Any CPU
		{06429810-E877-4275-8683-51833677391D}.Release|x64.ActiveCfg = Release|x64
		{06429810-E877-4275-8683-51833677391D}.Release|x64.Build.0 = Release|x64
	EndGlobalSection
	GlobalSection(SolutionProperties) = preSolution
		HideSolutionNode = FALSE
	EndGlobalSection
	GlobalSection(ExtensibilityGlobals) = postSolution
		SolutionGuid = {1B63C2F0-8A5F-4B6E-968A-C6C4B2FD1F4B}
	EndGlobalSection
EndGlobal
